
Microsoft Visual Studio Solution File, Format Version 12.00
# Visual Studio Version 17
VisualStudioVersion = 17.3.32922.545
MinimumVisualStudioVersion = 10.0.40219.1
Project("{FAE04EC0-301F-11D3-BF4B-00C04F79EFBC}") = "Client-APP", "Client-APP\Client-APP.csproj", "{71A0CDC3-4D60-429D-A12A-F063D8CF9656}"
EndProject
Project("{FAE04EC0-301F-11D3-BF4B-00C04F79EFBC}") = "Client-LIb", "Client-LIb\Client-LIb.csproj", "{6F7B086E-7C07-49E4-B10E-5BFE2886A8F8}"
EndProject
Project("{FAE04EC0-301F-11D3-BF4B-00C04F79EFBC}") = "Server-Lib", "Server-Lib\Server-Lib.csproj", "{6DF46B1F-55BF-4858-B909-EB78084C3736}"
EndProject
Project("{FAE04EC0-301F-11D3-BF4B-00C04F79EFBC}") = "Server-APP", "Server-APP\Server-APP.csproj", "{009B50FF-0037-4A77-A5BC-DF87967ED8FB}"
EndProject
Global
	GlobalSection(SolutionConfigurationPlatforms) = preSolution
		Debug|Any CPU = Debug|Any CPU
		Release|Any CPU = Release|Any CPU
	EndGlobalSection
	GlobalSection(ProjectConfigurationPlatforms) = postSolution
		{71A0CDC3-4D60-429D-A12A-F063D8CF9656}.Debug|Any CPU.ActiveCfg = Debug|Any CPU
		{71A0CDC3-4D60-429D-A12A-F063D8CF9656}.Debug|Any CPU.Build.0 = Debug|Any CPU
		{71A0CDC3-4D60-429D-A12A-F063D8CF9656}.Release|Any CPU.ActiveCfg = Release|Any CPU
		{71A0CDC3-4D60-429D-A12A-F063D8CF9656}.Release|Any CPU.Build.0 = Release|Any CPU
		{6F7B086E-7C07-49E4-B10E-5BFE2886A8F8}.Debug|Any CPU.ActiveCfg = Debug|Any CPU
		{6F7B086E-7C07-49E4-B10E-5BFE2886A8F8}.Debug|Any CPU.Build.0 = Debug|Any CPU
		{6F7B086E-7C07-49E4-B10E-5BFE2886A8F8}.Release|Any CPU.ActiveCfg = Release|Any CPU
		{6F7B086E-7C07-49E4-B10E-5BFE2886A8F8}.Release|Any CPU.Build.0 = Release|Any CPU
		{6DF46B1F-55BF-4858-B909-EB78084C3736}.Debug|Any CPU.ActiveCfg = Debug|Any CPU
		{6DF46B1F-55BF-4858-B909-EB78084C3736}.Debug|Any CPU.Build.0 = Debug|Any CPU
		{6DF46B1F-55BF-4858-B909-EB78084C3736}.Release|Any CPU.ActiveCfg = Release|Any CPU
		{6DF46B1F-55BF-4858-B909-EB78084C3736}.Release|Any CPU.Build.0 = Release|Any CPU
		{009B50FF-0037-4A77-A5BC-DF87967ED8FB}.Debug|Any CPU.ActiveCfg = Debug|Any CPU
		{009B50FF-0037-4A77-A5BC-DF87967ED8FB}.Debug|Any CPU.Build.0 = Debug|Any CPU
		{009B50FF-0037-4A77-A5BC-DF87967ED8FB}.Release|Any CPU.ActiveCfg = Release|Any CPU
		{009B50FF-0037-4A77-A5BC-DF87967ED8FB}.Release|Any CPU.Build.0 = Release|Any CPU
	EndGlobalSection
	GlobalSection(SolutionProperties) = preSolution
		HideSolutionNode = FALSE
	EndGlobalSection
	GlobalSection(ExtensibilityGlobals) = postSolution
		SolutionGuid = {8A83C2EF-CF4C-4D49-BC45-81874A868F4F}
	EndGlobalSection
EndGlobal
